
Microsoft Visual Studio Solution File, Format Version 12.00
# Visual Studio Version 17
VisualStudioVersion = 17.1.32228.430
MinimumVisualStudioVersion = 10.0.40219.1
Project("{9A19103F-16F7-4668-BE54-9A1E7A4F7556}") = "FluentPacket", "Messaging\FluentPacket.csproj", "{6841FE28-7698-4BD7-AE67-9F4E181AFE96}"
EndProject
Project("{9A19103F-16F7-4668-BE54-9A1E7A4F7556}") = "Test", "Test\Test.csproj", "{409722BB-72B2-40F3-A62E-610B010CC608}"
EndProject
Project("{9A19103F-16F7-4668-BE54-9A1E7A4F7556}") = "SimplePacket", "SimpleMessage\SimplePacket.csproj", "{F3B5A1E9-C016-4EAD-A6CD-BCB0CC679A1E}"
EndProject
Project("{2150E333-8FDC-42A3-9474-1A3956D46DE8}") = "Packets", "Packets", "{85A294FB-6576-4CE4-935A-99E1190ACF50}"
EndProject
Project("{9A19103F-16F7-4668-BE54-9A1E7A4F7556}") = "UnitTest", "UnitTest\UnitTest.csproj", "{800E19A9-007B-437A-885D-F9EDE71AE452}"
EndProject
Global
	GlobalSection(SolutionConfigurationPlatforms) = preSolution
		Debug|Any CPU = Debug|Any CPU
		Release|Any CPU = Release|Any CPU
	EndGlobalSection
	GlobalSection(ProjectConfigurationPlatforms) = postSolution
		{6841FE28-7698-4BD7-AE67-9F4E181AFE96}.Debug|Any CPU.ActiveCfg = Debug|Any CPU
		{6841FE28-7698-4BD7-AE67-9F4E181AFE96}.Debug|Any CPU.Build.0 = Debug|Any CPU
		{6841FE28-7698-4BD7-AE67-9F4E181AFE96}.Release|Any CPU.ActiveCfg = Release|Any CPU
		{6841FE28-7698-4BD7-AE67-9F4E181AFE96}.Release|Any CPU.Build.0 = Release|Any CPU
		{409722BB-72B2-40F3-A62E-610B010CC608}.Debug|Any CPU.ActiveCfg = Debug|Any CPU
		{409722BB-72B2-40F3-A62E-610B010CC608}.Debug|Any CPU.Build.0 = Debug|Any CPU
		{409722BB-72B2-40F3-A62E-610B010CC608}.Release|Any CPU.ActiveCfg = Release|Any CPU
		{409722BB-72B2-40F3-A62E-610B010CC608}.Release|Any CPU.Build.0 = Release|Any CPU
		{F3B5A1E9-C016-4EAD-A6CD-BCB0CC679A1E}.Debug|Any CPU.ActiveCfg = Debug|Any CPU
		{F3B5A1E9-C016-4EAD-A6CD-BCB0CC679A1E}.Debug|Any CPU.Build.0 = Debug|Any CPU
		{F3B5A1E9-C016-4EAD-A6CD-BCB0CC679A1E}.Release|Any CPU.ActiveCfg = Release|Any CPU
		{F3B5A1E9-C016-4EAD-A6CD-BCB0CC679A1E}.Release|Any CPU.Build.0 = Release|Any CPU
		{800E19A9-007B-437A-885D-F9EDE71AE452}.Debug|Any CPU.ActiveCfg = Debug|Any CPU
		{800E19A9-007B-437A-885D-F9EDE71AE452}.Debug|Any CPU.Build.0 = Debug|Any CPU
		{800E19A9-007B-437A-885D-F9EDE71AE452}.Release|Any CPU.ActiveCfg = Release|Any CPU
		{800E19A9-007B-437A-885D-F9EDE71AE452}.Release|Any CPU.Build.0 = Release|Any CPU
	EndGlobalSection
	GlobalSection(SolutionProperties) = preSolution
		HideSolutionNode = FALSE
	EndGlobalSection
	GlobalSection(NestedProjects) = preSolution
		{F3B5A1E9-C016-4EAD-A6CD-BCB0CC679A1E} = {85A294FB-6576-4CE4-935A-99E1190ACF50}
	EndGlobalSection
	GlobalSection(ExtensibilityGlobals) = postSolution
		SolutionGuid = {0078E18E-174D-46E5-A27C-C8E0AF684EB3}
	EndGlobalSection
EndGlobal
