
Microsoft Visual Studio Solution File, Format Version 12.00
# Visual Studio Version 16
VisualStudioVersion = 16.0.31613.86
MinimumVisualStudioVersion = 10.0.40219.1
Project("{9A19103F-16F7-4668-BE54-9A1E7A4F7556}") = "Messaging", "Messaging\Messaging.csproj", "{6841FE28-7698-4BD7-AE67-9F4E181AFE96}"
EndProject
Project("{FAE04EC0-301F-11D3-BF4B-00C04F79EFBC}") = "Test", "Test\Test.csproj", "{409722BB-72B2-40F3-A62E-610B010CC608}"
EndProject
Project("{FAE04EC0-301F-11D3-BF4B-00C04F79EFBC}") = "SimpleMessage", "SimpleMessage\SimpleMessage.csproj", "{F3B5A1E9-C016-4EAD-A6CD-BCB0CC679A1E}"
EndProject
Global
	GlobalSection(SolutionConfigurationPlatforms) = preSolution
		Debug|Any CPU = Debug|Any CPU
		Release|Any CPU = Release|Any CPU
	EndGlobalSection
	GlobalSection(ProjectConfigurationPlatforms) = postSolution
		{6841FE28-7698-4BD7-AE67-9F4E181AFE96}.Debug|Any CPU.ActiveCfg = Debug|Any CPU
		{6841FE28-7698-4BD7-AE67-9F4E181AFE96}.Debug|Any CPU.Build.0 = Debug|Any CPU
		{6841FE28-7698-4BD7-AE67-9F4E181AFE96}.Release|Any CPU.ActiveCfg = Release|Any CPU
		{6841FE28-7698-4BD7-AE67-9F4E181AFE96}.Release|Any CPU.Build.0 = Release|Any CPU
		{409722BB-72B2-40F3-A62E-610B010CC608}.Debug|Any CPU.ActiveCfg = Debug|Any CPU
		{409722BB-72B2-40F3-A62E-610B010CC608}.Debug|Any CPU.Build.0 = Debug|Any CPU
		{409722BB-72B2-40F3-A62E-610B010CC608}.Release|Any CPU.ActiveCfg = Release|Any CPU
		{409722BB-72B2-40F3-A62E-610B010CC608}.Release|Any CPU.Build.0 = Release|Any CPU
		{F3B5A1E9-C016-4EAD-A6CD-BCB0CC679A1E}.Debug|Any CPU.ActiveCfg = Debug|Any CPU
		{F3B5A1E9-C016-4EAD-A6CD-BCB0CC679A1E}.Debug|Any CPU.Build.0 = Debug|Any CPU
		{F3B5A1E9-C016-4EAD-A6CD-BCB0CC679A1E}.Release|Any CPU.ActiveCfg = Release|Any CPU
		{F3B5A1E9-C016-4EAD-A6CD-BCB0CC679A1E}.Release|Any CPU.Build.0 = Release|Any CPU
	EndGlobalSection
	GlobalSection(SolutionProperties) = preSolution
		HideSolutionNode = FALSE
	EndGlobalSection
	GlobalSection(ExtensibilityGlobals) = postSolution
		SolutionGuid = {0078E18E-174D-46E5-A27C-C8E0AF684EB3}
	EndGlobalSection
EndGlobal
