
Microsoft Visual Studio Solution File, Format Version 12.00
# Visual Studio Version 16
VisualStudioVersion = 16.0.31613.86
MinimumVisualStudioVersion = 10.0.40219.1
Project("{FAE04EC0-301F-11D3-BF4B-00C04F79EFBC}") = "Messaging", "Messaging\Messaging.csproj", "{6841FE28-7698-4BD7-AE67-9F4E181AFE96}"
EndProject
Global
	GlobalSection(SolutionConfigurationPlatforms) = preSolution
		Debug|Any CPU = Debug|Any CPU
		Release|Any CPU = Release|Any CPU
	EndGlobalSection
	GlobalSection(ProjectConfigurationPlatforms) = postSolution
		{6841FE28-7698-4BD7-AE67-9F4E181AFE96}.Debug|Any CPU.ActiveCfg = Debug|Any CPU
		{6841FE28-7698-4BD7-AE67-9F4E181AFE96}.Debug|Any CPU.Build.0 = Debug|Any CPU
		{6841FE28-7698-4BD7-AE67-9F4E181AFE96}.Release|Any CPU.ActiveCfg = Release|Any CPU
		{6841FE28-7698-4BD7-AE67-9F4E181AFE96}.Release|Any CPU.Build.0 = Release|Any CPU
	EndGlobalSection
	GlobalSection(SolutionProperties) = preSolution
		HideSolutionNode = FALSE
	EndGlobalSection
	GlobalSection(ExtensibilityGlobals) = postSolution
		SolutionGuid = {0078E18E-174D-46E5-A27C-C8E0AF684EB3}
	EndGlobalSection
EndGlobal
